// !$*UTF8*$!
{
	archiveVersion = 1;
	classes = {
	};
	objectVersion = 46;
	objects = {

/* Begin PBXBuildFile section */
		2B5EAAA61C9DA45600AE97A6 /* APIManager.swift in Sources */ = {isa = PBXBuildFile; fileRef = 2B5EAAA51C9DA45600AE97A6 /* APIManager.swift */; };
		2B9F477A1C9D744D00C32CCC /* AppDelegate.swift in Sources */ = {isa = PBXBuildFile; fileRef = 2B9F47791C9D744D00C32CCC /* AppDelegate.swift */; };
		2B9F477C1C9D744D00C32CCC /* ViewController.swift in Sources */ = {isa = PBXBuildFile; fileRef = 2B9F477B1C9D744D00C32CCC /* ViewController.swift */; };
		2B9F477F1C9D744D00C32CCC /* Main.storyboard in Resources */ = {isa = PBXBuildFile; fileRef = 2B9F477D1C9D744D00C32CCC /* Main.storyboard */; };
		2B9F47811C9D744D00C32CCC /* Assets.xcassets in Resources */ = {isa = PBXBuildFile; fileRef = 2B9F47801C9D744D00C32CCC /* Assets.xcassets */; };
		2B9F47841C9D744D00C32CCC /* LaunchScreen.storyboard in Resources */ = {isa = PBXBuildFile; fileRef = 2B9F47821C9D744D00C32CCC /* LaunchScreen.storyboard */; };
		2B9F478F1C9D744D00C32CCC /* MusicVideoTests.swift in Sources */ = {isa = PBXBuildFile; fileRef = 2B9F478E1C9D744D00C32CCC /* MusicVideoTests.swift */; };
		2B9F479A1C9D744D00C32CCC /* MusicVideoUITests.swift in Sources */ = {isa = PBXBuildFile; fileRef = 2B9F47991C9D744D00C32CCC /* MusicVideoUITests.swift */; };
/* End PBXBuildFile section */

/* Begin PBXContainerItemProxy section */
		2B9F478B1C9D744D00C32CCC /* PBXContainerItemProxy */ = {
			isa = PBXContainerItemProxy;
			containerPortal = 2B9F476E1C9D744D00C32CCC /* Project object */;
			proxyType = 1;
			remoteGlobalIDString = 2B9F47751C9D744D00C32CCC;
			remoteInfo = MusicVideo;
		};
		2B9F47961C9D744D00C32CCC /* PBXContainerItemProxy */ = {
			isa = PBXContainerItemProxy;
			containerPortal = 2B9F476E1C9D744D00C32CCC /* Project object */;
			proxyType = 1;
			remoteGlobalIDString = 2B9F47751C9D744D00C32CCC;
			remoteInfo = MusicVideo;
		};
/* End PBXContainerItemProxy section */

/* Begin PBXFileReference section */
		2B5EAAA51C9DA45600AE97A6 /* APIManager.swift */ = {isa = PBXFileReference; fileEncoding = 4; lastKnownFileType = sourcecode.swift; path = APIManager.swift; sourceTree = "<group>"; };
		2B9F47761C9D744D00C32CCC /* MusicVideo.app */ = {isa = PBXFileReference; explicitFileType = wrapper.application; includeInIndex = 0; path = MusicVideo.app; sourceTree = BUILT_PRODUCTS_DIR; };
		2B9F47791C9D744D00C32CCC /* AppDelegate.swift */ = {isa = PBXFileReference; lastKnownFileType = sourcecode.swift; path = AppDelegate.swift; sourceTree = "<group>"; };
		2B9F477B1C9D744D00C32CCC /* ViewController.swift */ = {isa = PBXFileReference; lastKnownFileType = sourcecode.swift; path = ViewController.swift; sourceTree = "<group>"; };
		2B9F477E1C9D744D00C32CCC /* Base */ = {isa = PBXFileReference; lastKnownFileType = file.storyboard; name = Base; path = Base.lproj/Main.storyboard; sourceTree = "<group>"; };
		2B9F47801C9D744D00C32CCC /* Assets.xcassets */ = {isa = PBXFileReference; lastKnownFileType = folder.assetcatalog; path = Assets.xcassets; sourceTree = "<group>"; };
		2B9F47831C9D744D00C32CCC /* Base */ = {isa = PBXFileReference; lastKnownFileType = file.storyboard; name = Base; path = Base.lproj/LaunchScreen.storyboard; sourceTree = "<group>"; };
		2B9F47851C9D744D00C32CCC /* Info.plist */ = {isa = PBXFileReference; lastKnownFileType = text.plist.xml; path = Info.plist; sourceTree = "<group>"; };
		2B9F478A1C9D744D00C32CCC /* MusicVideoTests.xctest */ = {isa = PBXFileReference; explicitFileType = wrapper.cfbundle; includeInIndex = 0; path = MusicVideoTests.xctest; sourceTree = BUILT_PRODUCTS_DIR; };
		2B9F478E1C9D744D00C32CCC /* MusicVideoTests.swift */ = {isa = PBXFileReference; lastKnownFileType = sourcecode.swift; path = MusicVideoTests.swift; sourceTree = "<group>"; };
		2B9F47901C9D744D00C32CCC /* Info.plist */ = {isa = PBXFileReference; lastKnownFileType = text.plist.xml; path = Info.plist; sourceTree = "<group>"; };
		2B9F47951C9D744D00C32CCC /* MusicVideoUITests.xctest */ = {isa = PBXFileReference; explicitFileType = wrapper.cfbundle; includeInIndex = 0; path = MusicVideoUITests.xctest; sourceTree = BUILT_PRODUCTS_DIR; };
		2B9F47991C9D744D00C32CCC /* MusicVideoUITests.swift */ = {isa = PBXFileReference; lastKnownFileType = sourcecode.swift; path = MusicVideoUITests.swift; sourceTree = "<group>"; };
		2B9F479B1C9D744D00C32CCC /* Info.plist */ = {isa = PBXFileReference; lastKnownFileType = text.plist.xml; path = Info.plist; sourceTree = "<group>"; };
/* End PBXFileReference section */

/* Begin PBXFrameworksBuildPhase section */
		2B9F47731C9D744D00C32CCC /* Frameworks */ = {
			isa = PBXFrameworksBuildPhase;
			buildActionMask = 2147483647;
			files = (
			);
			runOnlyForDeploymentPostprocessing = 0;
		};
		2B9F47871C9D744D00C32CCC /* Frameworks */ = {
			isa = PBXFrameworksBuildPhase;
			buildActionMask = 2147483647;
			files = (
			);
			runOnlyForDeploymentPostprocessing = 0;
		};
		2B9F47921C9D744D00C32CCC /* Frameworks */ = {
			isa = PBXFrameworksBuildPhase;
			buildActionMask = 2147483647;
			files = (
			);
			runOnlyForDeploymentPostprocessing = 0;
		};
/* End PBXFrameworksBuildPhase section */

/* Begin PBXGroup section */
		2B5EAAA11C9D9B6200AE97A6 /* Model */ = {
			isa = PBXGroup;
			children = (
				2B5EAAA51C9DA45600AE97A6 /* APIManager.swift */,
			);
			name = Model;
			sourceTree = "<group>";
		};
		2B5EAAA21C9D9B6C00AE97A6 /* Controller */ = {
			isa = PBXGroup;
			children = (
				2B9F477B1C9D744D00C32CCC /* ViewController.swift */,
			);
			name = Controller;
			sourceTree = "<group>";
		};
		2B5EAAA31C9D9B7E00AE97A6 /* View */ = {
			isa = PBXGroup;
			children = (
				2B9F47821C9D744D00C32CCC /* LaunchScreen.storyboard */,
				2B9F477D1C9D744D00C32CCC /* Main.storyboard */,
			);
			name = View;
			sourceTree = "<group>";
		};
		2B5EAAA41C9D9B9700AE97A6 /* Supporting Files */ = {
			isa = PBXGroup;
			children = (
				2B9F47801C9D744D00C32CCC /* Assets.xcassets */,
				2B9F47851C9D744D00C32CCC /* Info.plist */,
				2B9F47791C9D744D00C32CCC /* AppDelegate.swift */,
			);
			name = "Supporting Files";
			sourceTree = "<group>";
		};
		2B9F476D1C9D744D00C32CCC = {
			isa = PBXGroup;
			children = (
				2B9F47781C9D744D00C32CCC /* MusicVideo */,
				2B9F478D1C9D744D00C32CCC /* MusicVideoTests */,
				2B9F47981C9D744D00C32CCC /* MusicVideoUITests */,
				2B9F47771C9D744D00C32CCC /* Products */,
			);
			sourceTree = "<group>";
		};
		2B9F47771C9D744D00C32CCC /* Products */ = {
			isa = PBXGroup;
			children = (
				2B9F47761C9D744D00C32CCC /* MusicVideo.app */,
				2B9F478A1C9D744D00C32CCC /* MusicVideoTests.xctest */,
				2B9F47951C9D744D00C32CCC /* MusicVideoUITests.xctest */,
			);
			name = Products;
			sourceTree = "<group>";
		};
		2B9F47781C9D744D00C32CCC /* MusicVideo */ = {
			isa = PBXGroup;
			children = (
				2B5EAAA41C9D9B9700AE97A6 /* Supporting Files */,
				2B5EAAA11C9D9B6200AE97A6 /* Model */,
				2B5EAAA21C9D9B6C00AE97A6 /* Controller */,
				2B5EAAA31C9D9B7E00AE97A6 /* View */,
			);
			path = MusicVideo;
			sourceTree = "<group>";
		};
		2B9F478D1C9D744D00C32CCC /* MusicVideoTests */ = {
			isa = PBXGroup;
			children = (
				2B9F478E1C9D744D00C32CCC /* MusicVideoTests.swift */,
				2B9F47901C9D744D00C32CCC /* Info.plist */,
			);
			path = MusicVideoTests;
			sourceTree = "<group>";
		};
		2B9F47981C9D744D00C32CCC /* MusicVideoUITests */ = {
			isa = PBXGroup;
			children = (
				2B9F47991C9D744D00C32CCC /* MusicVideoUITests.swift */,
				2B9F479B1C9D744D00C32CCC /* Info.plist */,
			);
			path = MusicVideoUITests;
			sourceTree = "<group>";
		};
/* End PBXGroup section */

/* Begin PBXNativeTarget section */
		2B9F47751C9D744D00C32CCC /* MusicVideo */ = {
			isa = PBXNativeTarget;
			buildConfigurationList = 2B9F479E1C9D744D00C32CCC /* Build configuration list for PBXNativeTarget "MusicVideo" */;
			buildPhases = (
				2B9F47721C9D744D00C32CCC /* Sources */,
				2B9F47731C9D744D00C32CCC /* Frameworks */,
				2B9F47741C9D744D00C32CCC /* Resources */,
			);
			buildRules = (
			);
			dependencies = (
			);
			name = MusicVideo;
			productName = MusicVideo;
			productReference = 2B9F47761C9D744D00C32CCC /* MusicVideo.app */;
			productType = "com.apple.product-type.application";
		};
		2B9F47891C9D744D00C32CCC /* MusicVideoTests */ = {
			isa = PBXNativeTarget;
			buildConfigurationList = 2B9F47A11C9D744D00C32CCC /* Build configuration list for PBXNativeTarget "MusicVideoTests" */;
			buildPhases = (
				2B9F47861C9D744D00C32CCC /* Sources */,
				2B9F47871C9D744D00C32CCC /* Frameworks */,
				2B9F47881C9D744D00C32CCC /* Resources */,
			);
			buildRules = (
			);
			dependencies = (
				2B9F478C1C9D744D00C32CCC /* PBXTargetDependency */,
			);
			name = MusicVideoTests;
			productName = MusicVideoTests;
			productReference = 2B9F478A1C9D744D00C32CCC /* MusicVideoTests.xctest */;
			productType = "com.apple.product-type.bundle.unit-test";
		};
		2B9F47941C9D744D00C32CCC /* MusicVideoUITests */ = {
			isa = PBXNativeTarget;
			buildConfigurationList = 2B9F47A41C9D744D00C32CCC /* Build configuration list for PBXNativeTarget "MusicVideoUITests" */;
			buildPhases = (
				2B9F47911C9D744D00C32CCC /* Sources */,
				2B9F47921C9D744D00C32CCC /* Frameworks */,
				2B9F47931C9D744D00C32CCC /* Resources */,
			);
			buildRules = (
			);
			dependencies = (
				2B9F47971C9D744D00C32CCC /* PBXTargetDependency */,
			);
			name = MusicVideoUITests;
			productName = MusicVideoUITests;
			productReference = 2B9F47951C9D744D00C32CCC /* MusicVideoUITests.xctest */;
			productType = "com.apple.product-type.bundle.ui-testing";
		};
/* End PBXNativeTarget section */

/* Begin PBXProject section */
		2B9F476E1C9D744D00C32CCC /* Project object */ = {
			isa = PBXProject;
			attributes = {
				LastSwiftUpdateCheck = 0720;
				LastUpgradeCheck = 0720;
				ORGANIZATIONNAME = wesley;
				TargetAttributes = {
					2B9F47751C9D744D00C32CCC = {
						CreatedOnToolsVersion = 7.2.1;
						DevelopmentTeam = EDVVQVZR4H;
					};
					2B9F47891C9D744D00C32CCC = {
						CreatedOnToolsVersion = 7.2.1;
						TestTargetID = 2B9F47751C9D744D00C32CCC;
					};
					2B9F47941C9D744D00C32CCC = {
						CreatedOnToolsVersion = 7.2.1;
						TestTargetID = 2B9F47751C9D744D00C32CCC;
					};
				};
			};
			buildConfigurationList = 2B9F47711C9D744D00C32CCC /* Build configuration list for PBXProject "MusicVideo" */;
			compatibilityVersion = "Xcode 3.2";
			developmentRegion = English;
			hasScannedForEncodings = 0;
			knownRegions = (
				en,
				Base,
			);
			mainGroup = 2B9F476D1C9D744D00C32CCC;
			productRefGroup = 2B9F47771C9D744D00C32CCC /* Products */;
			projectDirPath = "";
			projectRoot = "";
			targets = (
				2B9F47751C9D744D00C32CCC /* MusicVideo */,
				2B9F47891C9D744D00C32CCC /* MusicVideoTests */,
				2B9F47941C9D744D00C32CCC /* MusicVideoUITests */,
			);
		};
/* End PBXProject section */

/* Begin PBXResourcesBuildPhase section */
		2B9F47741C9D744D00C32CCC /* Resources */ = {
			isa = PBXResourcesBuildPhase;
			buildActionMask = 2147483647;
			files = (
				2B9F47841C9D744D00C32CCC /* LaunchScreen.storyboard in Resources */,
				2B9F47811C9D744D00C32CCC /* Assets.xcassets in Resources */,
				2B9F477F1C9D744D00C32CCC /* Main.storyboard in Resources */,
			);
			runOnlyForDeploymentPostprocessing = 0;
		};
		2B9F47881C9D744D00C32CCC /* Resources */ = {
			isa = PBXResourcesBuildPhase;
			buildActionMask = 2147483647;
			files = (
			);
			runOnlyForDeploymentPostprocessing = 0;
		};
		2B9F47931C9D744D00C32CCC /* Resources */ = {
			isa = PBXResourcesBuildPhase;
			buildActionMask = 2147483647;
			files = (
			);
			runOnlyForDeploymentPostprocessing = 0;
		};
/* End PBXResourcesBuildPhase section */

/* Begin PBXSourcesBuildPhase section */
		2B9F47721C9D744D00C32CCC /* Sources */ = {
			isa = PBXSourcesBuildPhase;
			buildActionMask = 2147483647;
			files = (
				2B5EAAA61C9DA45600AE97A6 /* APIManager.swift in Sources */,
				2B9F477C1C9D744D00C32CCC /* ViewController.swift in Sources */,
				2B9F477A1C9D744D00C32CCC /* AppDelegate.swift in Sources */,
			);
			runOnlyForDeploymentPostprocessing = 0;
		};
		2B9F47861C9D744D00C32CCC /* Sources */ = {
			isa = PBXSourcesBuildPhase;
			buildActionMask = 2147483647;
			files = (
				2B9F478F1C9D744D00C32CCC /* MusicVideoTests.swift in Sources */,
			);
			runOnlyForDeploymentPostprocessing = 0;
		};
		2B9F47911C9D744D00C32CCC /* Sources */ = {
			isa = PBXSourcesBuildPhase;
			buildActionMask = 2147483647;
			files = (
				2B9F479A1C9D744D00C32CCC /* MusicVideoUITests.swift in Sources */,
			);
			runOnlyForDeploymentPostprocessing = 0;
		};
/* End PBXSourcesBuildPhase section */

/* Begin PBXTargetDependency section */
		2B9F478C1C9D744D00C32CCC /* PBXTargetDependency */ = {
			isa = PBXTargetDependency;
			target = 2B9F47751C9D744D00C32CCC /* MusicVideo */;
			targetProxy = 2B9F478B1C9D744D00C32CCC /* PBXContainerItemProxy */;
		};
		2B9F47971C9D744D00C32CCC /* PBXTargetDependency */ = {
			isa = PBXTargetDependency;
			target = 2B9F47751C9D744D00C32CCC /* MusicVideo */;
			targetProxy = 2B9F47961C9D744D00C32CCC /* PBXContainerItemProxy */;
		};
/* End PBXTargetDependency section */

/* Begin PBXVariantGroup section */
		2B9F477D1C9D744D00C32CCC /* Main.storyboard */ = {
			isa = PBXVariantGroup;
			children = (
				2B9F477E1C9D744D00C32CCC /* Base */,
			);
			name = Main.storyboard;
			sourceTree = "<group>";
		};
		2B9F47821C9D744D00C32CCC /* LaunchScreen.storyboard */ = {
			isa = PBXVariantGroup;
			children = (
				2B9F47831C9D744D00C32CCC /* Base */,
			);
			name = LaunchScreen.storyboard;
			sourceTree = "<group>";
		};
/* End PBXVariantGroup section */

/* Begin XCBuildConfiguration section */
		2B9F479C1C9D744D00C32CCC /* Debug */ = {
			isa = XCBuildConfiguration;
			buildSettings = {
				ALWAYS_SEARCH_USER_PATHS = NO;
				CLANG_CXX_LANGUAGE_STANDARD = "gnu++0x";
				CLANG_CXX_LIBRARY = "libc++";
				CLANG_ENABLE_MODULES = YES;
				CLANG_ENABLE_OBJC_ARC = YES;
				CLANG_WARN_BOOL_CONVERSION = YES;
				CLANG_WARN_CONSTANT_CONVERSION = YES;
				CLANG_WARN_DIRECT_OBJC_ISA_USAGE = YES_ERROR;
				CLANG_WARN_EMPTY_BODY = YES;
				CLANG_WARN_ENUM_CONVERSION = YES;
				CLANG_WARN_INT_CONVERSION = YES;
				CLANG_WARN_OBJC_ROOT_CLASS = YES_ERROR;
				CLANG_WARN_UNREACHABLE_CODE = YES;
				CLANG_WARN__DUPLICATE_METHOD_MATCH = YES;
				"CODE_SIGN_IDENTITY[sdk=iphoneos*]" = "iPhone Developer";
				COPY_PHASE_STRIP = NO;
				DEBUG_INFORMATION_FORMAT = dwarf;
				ENABLE_STRICT_OBJC_MSGSEND = YES;
				ENABLE_TESTABILITY = YES;
				GCC_C_LANGUAGE_STANDARD = gnu99;
				GCC_DYNAMIC_NO_PIC = NO;
				GCC_NO_COMMON_BLOCKS = YES;
				GCC_OPTIMIZATION_LEVEL = 0;
				GCC_PREPROCESSOR_DEFINITIONS = (
					"DEBUG=1",
					"$(inherited)",
				);
				GCC_WARN_64_TO_32_BIT_CONVERSION = YES;
				GCC_WARN_ABOUT_RETURN_TYPE = YES_ERROR;
				GCC_WARN_UNDECLARED_SELECTOR = YES;
				GCC_WARN_UNINITIALIZED_AUTOS = YES_AGGRESSIVE;
				GCC_WARN_UNUSED_FUNCTION = YES;
				GCC_WARN_UNUSED_VARIABLE = YES;
				IPHONEOS_DEPLOYMENT_TARGET = 9.2;
				MTL_ENABLE_DEBUG_INFO = YES;
				ONLY_ACTIVE_ARCH = YES;
				SDKROOT = iphoneos;
				SWIFT_OPTIMIZATION_LEVEL = "-Onone";
				TARGETED_DEVICE_FAMILY = "1,2";
			};
			name = Debug;
		};
		2B9F479D1C9D744D00C32CCC /* Release */ = {
			isa = XCBuildConfiguration;
			buildSettings = {
				ALWAYS_SEARCH_USER_PATHS = NO;
				CLANG_CXX_LANGUAGE_STANDARD = "gnu++0x";
				CLANG_CXX_LIBRARY = "libc++";
				CLANG_ENABLE_MODULES = YES;
				CLANG_ENABLE_OBJC_ARC = YES;
				CLANG_WARN_BOOL_CONVERSION = YES;
				CLANG_WARN_CONSTANT_CONVERSION = YES;
				CLANG_WARN_DIRECT_OBJC_ISA_USAGE = YES_ERROR;
				CLANG_WARN_EMPTY_BODY = YES;
				CLANG_WARN_ENUM_CONVERSION = YES;
				CLANG_WARN_INT_CONVERSION = YES;
				CLANG_WARN_OBJC_ROOT_CLASS = YES_ERROR;
				CLANG_WARN_UNREACHABLE_CODE = YES;
				CLANG_WARN__DUPLICATE_METHOD_MATCH = YES;
				"CODE_SIGN_IDENTITY[sdk=iphoneos*]" = "iPhone Developer";
				COPY_PHASE_STRIP = NO;
				DEBUG_INFORMATION_FORMAT = "dwarf-with-dsym";
				ENABLE_NS_ASSERTIONS = NO;
				ENABLE_STRICT_OBJC_MSGSEND = YES;
				GCC_C_LANGUAGE_STANDARD = gnu99;
				GCC_NO_COMMON_BLOCKS = YES;
				GCC_WARN_64_TO_32_BIT_CONVERSION = YES;
				GCC_WARN_ABOUT_RETURN_TYPE = YES_ERROR;
				GCC_WARN_UNDECLARED_SELECTOR = YES;
				GCC_WARN_UNINITIALIZED_AUTOS = YES_AGGRESSIVE;
				GCC_WARN_UNUSED_FUNCTION = YES;
				GCC_WARN_UNUSED_VARIABLE = YES;
				IPHONEOS_DEPLOYMENT_TARGET = 9.2;
				MTL_ENABLE_DEBUG_INFO = NO;
				SDKROOT = iphoneos;
				TARGETED_DEVICE_FAMILY = "1,2";
				VALIDATE_PRODUCT = YES;
			};
			name = Release;
		};
		2B9F479F1C9D744D00C32CCC /* Debug */ = {
			isa = XCBuildConfiguration;
			buildSettings = {
				ASSETCATALOG_COMPILER_APPICON_NAME = AppIcon;
				CODE_SIGN_IDENTITY = "iPhone Developer";
				"CODE_SIGN_IDENTITY[sdk=iphoneos*]" = "iPhone Developer";
				INFOPLIST_FILE = MusicVideo/Info.plist;
				LD_RUNPATH_SEARCH_PATHS = "$(inherited) @executable_path/Frameworks";
				PRODUCT_BUNDLE_IDENTIFIER = com.wesnot.MusicVideo;
				PRODUCT_NAME = "$(TARGET_NAME)";
				PROVISIONING_PROFILE = "";
			};
			name = Debug;
		};
		2B9F47A01C9D744D00C32CCC /* Release */ = {
			isa = XCBuildConfiguration;
			buildSettings = {
				ASSETCATALOG_COMPILER_APPICON_NAME = AppIcon;
				CODE_SIGN_IDENTITY = "iPhone Developer";
				"CODE_SIGN_IDENTITY[sdk=iphoneos*]" = "iPhone Developer";
				INFOPLIST_FILE = MusicVideo/Info.plist;
				LD_RUNPATH_SEARCH_PATHS = "$(inherited) @executable_path/Frameworks";
				PRODUCT_BUNDLE_IDENTIFIER = com.wesnot.MusicVideo;
				PRODUCT_NAME = "$(TARGET_NAME)";
				PROVISIONING_PROFILE = "";
			};
			name = Release;
		};
		2B9F47A21C9D744D00C32CCC /* Debug */ = {
			isa = XCBuildConfiguration;
			buildSettings = {
				BUNDLE_LOADER = "$(TEST_HOST)";
				INFOPLIST_FILE = MusicVideoTests/Info.plist;
				LD_RUNPATH_SEARCH_PATHS = "$(inherited) @executable_path/Frameworks @loader_path/Frameworks";
				PRODUCT_BUNDLE_IDENTIFIER = com.wesnot.MusicVideoTests;
				PRODUCT_NAME = "$(TARGET_NAME)";
				TEST_HOST = "$(BUILT_PRODUCTS_DIR)/MusicVideo.app/MusicVideo";
			};
			name = Debug;
		};
		2B9F47A31C9D744D00C32CCC /* Release */ = {
			isa = XCBuildConfiguration;
			buildSettings = {
				BUNDLE_LOADER = "$(TEST_HOST)";
				INFOPLIST_FILE = MusicVideoTests/Info.plist;
				LD_RUNPATH_SEARCH_PATHS = "$(inherited) @executable_path/Frameworks @loader_path/Frameworks";
				PRODUCT_BUNDLE_IDENTIFIER = com.wesnot.MusicVideoTests;
				PRODUCT_NAME = "$(TARGET_NAME)";
				TEST_HOST = "$(BUILT_PRODUCTS_DIR)/MusicVideo.app/MusicVideo";
			};
			name = Release;
		};
		2B9F47A51C9D744D00C32CCC /* Debug */ = {
			isa = XCBuildConfiguration;
			buildSettings = {
				INFOPLIST_FILE = MusicVideoUITests/Info.plist;
				LD_RUNPATH_SEARCH_PATHS = "$(inherited) @executable_path/Frameworks @loader_path/Frameworks";
				PRODUCT_BUNDLE_IDENTIFIER = com.wesnot.MusicVideoUITests;
				PRODUCT_NAME = "$(TARGET_NAME)";
				TEST_TARGET_NAME = MusicVideo;
				USES_XCTRUNNER = YES;
			};
			name = Debug;
		};
		2B9F47A61C9D744D00C32CCC /* Release */ = {
			isa = XCBuildConfiguration;
			buildSettings = {
				INFOPLIST_FILE = MusicVideoUITests/Info.plist;
				LD_RUNPATH_SEARCH_PATHS = "$(inherited) @executable_path/Frameworks @loader_path/Frameworks";
				PRODUCT_BUNDLE_IDENTIFIER = com.wesnot.MusicVideoUITests;
				PRODUCT_NAME = "$(TARGET_NAME)";
				TEST_TARGET_NAME = MusicVideo;
				USES_XCTRUNNER = YES;
			};
			name = Release;
		};
/* End XCBuildConfiguration section */

/* Begin XCConfigurationList section */
		2B9F47711C9D744D00C32CCC /* Build configuration list for PBXProject "MusicVideo" */ = {
			isa = XCConfigurationList;
			buildConfigurations = (
				2B9F479C1C9D744D00C32CCC /* Debug */,
				2B9F479D1C9D744D00C32CCC /* Release */,
			);
			defaultConfigurationIsVisible = 0;
			defaultConfigurationName = Release;
		};
		2B9F479E1C9D744D00C32CCC /* Build configuration list for PBXNativeTarget "MusicVideo" */ = {
			isa = XCConfigurationList;
			buildConfigurations = (
				2B9F479F1C9D744D00C32CCC /* Debug */,
				2B9F47A01C9D744D00C32CCC /* Release */,
			);
			defaultConfigurationIsVisible = 0;
			defaultConfigurationName = Release;
		};
		2B9F47A11C9D744D00C32CCC /* Build configuration list for PBXNativeTarget "MusicVideoTests" */ = {
			isa = XCConfigurationList;
			buildConfigurations = (
				2B9F47A21C9D744D00C32CCC /* Debug */,
				2B9F47A31C9D744D00C32CCC /* Release */,
			);
			defaultConfigurationIsVisible = 0;
			defaultConfigurationName = Release;
		};
		2B9F47A41C9D744D00C32CCC /* Build configuration list for PBXNativeTarget "MusicVideoUITests" */ = {
			isa = XCConfigurationList;
			buildConfigurations = (
				2B9F47A51C9D744D00C32CCC /* Debug */,
				2B9F47A61C9D744D00C32CCC /* Release */,
			);
			defaultConfigurationIsVisible = 0;
			defaultConfigurationName = Release;
		};
/* End XCConfigurationList section */
	};
	rootObject = 2B9F476E1C9D744D00C32CCC /* Project object */;
}
